<Solution>
  <Project Path="player-assistant.csproj">
    <BuildType Project="Release" />
  </Project>
  <Project Path="PlayerAssistant.Launcher\PlayerAssistant.Launcher.csproj">
    <BuildType Project="Release" />
  </Project>
  <Project Path="PlayerAssistant.Tests\PlayerAssistant.Tests.csproj">
    <BuildType Project="Release" />
  </Project>
</Solution>
