{
  "version": 1,
  "dependencies": {
    "net10.0-windows7.0": {
      "Microsoft.Bcl.AsyncInterfaces": {
        "type": "Transitive",
        "resolved": "6.0.0",
        "contentHash": "UcSjPsst+DfAdJGVDsu346FX0ci0ah+lw3WRtn18NUwEqRt70HaOQ7lI72vy3+1LxtqI3T5GWwV39rQSrCzAeg=="
      },
      "Microsoft.Playwright": {
        "type": "Transitive",
        "resolved": "1.62.0",
        "contentHash": "cos6dmHPcMpS6bXw2WEgoXb8KXwMhs3c5L0P/cUf2rdUpjVA3g3u+KiSpVp2VCzsXymRpy2tFHqm+Wnz7s5VhQ==",
        "dependencies": {
          "Microsoft.Bcl.AsyncInterfaces": "6.0.0",
          "System.ComponentModel.Annotations": "5.0.0"
        }
      },
      "Microsoft.Web.WebView2": {
        "type": "Transitive",
        "resolved": "1.0.4022.49",
        "contentHash": "Dwewh8bbbXoFiF2y0jT3MBEV5ZXZVA7FDbMl6DixUCCLQAoymLMxMwqibdBaY/eWCG/BBSAILUOFDIzJZ9lfNQ=="
      },
      "SkiaSharp": {
        "type": "Transitive",
        "resolved": "4.152.1",
        "contentHash": "p3rj8SVoa+2Tmx1EITE4jIwCDPcYjwXdZ3c9yM6l9wNn6572hwxzrth6WOBK0iGnAoTGoJBZuZpy8wYjbov6sw==",
        "dependencies": {
          "SkiaSharp.NativeAssets.Win32": "4.152.1",
          "SkiaSharp.NativeAssets.macOS": "4.152.1"
        }
      },
      "SkiaSharp.NativeAssets.macOS": {
        "type": "Transitive",
        "resolved": "4.152.1",
        "contentHash": "gKaE2zNHsPLjlA88ZClRNmtZlHNGEa/W4iPy5GpP1TtUELIXzrSr2udCbl1GWYFuCdA36IycBk5YhUuK1xi9UA=="
      },
      "SkiaSharp.NativeAssets.Win32": {
        "type": "Transitive",
        "resolved": "4.152.1",
        "contentHash": "MLDP6XT8CHLHF6gZlpW06iswGNBlL/JB2+SKuSLz0Y0k1zzsfofNyUY6J6FC32A4/F67E9S8MwovRBL+ELw0lw=="
      },
      "System.ComponentModel.Annotations": {
        "type": "Transitive",
        "resolved": "5.0.0",
        "contentHash": "dMkqfy2el8A8/I76n2Hi1oBFEbG1SfxD2l5nhwXV3XjlnOmwxJlQbYpJH4W51odnU9sARCSAgv7S3CyAFMkpYg=="
      },
      "player-assistant": {
        "type": "Project",
        "dependencies": {
          "Microsoft.Playwright": "[1.62.0, )",
          "Microsoft.Web.WebView2": "[1.0.4022.49, )",
          "SkiaSharp": "[4.152.1, )"
        }
      }
    }
  }
}