{
  "version": 1,
  "dependencies": {
    "net10.0-windows7.0": {
      "Microsoft.Bcl.AsyncInterfaces": {
        "type": "Transitive",
        "resolved": "6.0.0",
        "contentHash": "UcSjPsst+DfAdJGVDsu346FX0ci0ah+lw3WRtn18NUwEqRt70HaOQ7lI72vy3+1LxtqI3T5GWwV39rQSrCzAeg=="
      },
      "Microsoft.Playwright": {
        "type": "Transitive",
        "resolved": "1.63.0",
        "contentHash": "O9F45Tt5vjauIo7mTTgQtahigL7cfRLvBMpErLJfdvgCnQ14yue5BmRASNnfNBWRBni4Mqp2YiD1eFGIO4nUUw==",
        "dependencies": {
          "Microsoft.Bcl.AsyncInterfaces": "6.0.0",
          "System.ComponentModel.Annotations": "5.0.0"
        }
      },
      "Microsoft.Web.WebView2": {
        "type": "Transitive",
        "resolved": "1.0.4258.31",
        "contentHash": "sHVZ2MQrHT1J3q5/6csn0fIP27rzpTO/RRC+wPQDrZheB7T4t2n+vVbY6SdCKr4WRV9s/gmBM3PPMWWJtoDzMg=="
      },
      "SkiaSharp": {
        "type": "Transitive",
        "resolved": "4.152.0",
        "contentHash": "TfYpxUV/Ihe5WyGeddJROZA2RhfGaSEKKNDHhREUVCVihtTlcavHQEi29Q0Mtn37AYXAf7EbC+StVPmWk63tkQ==",
        "dependencies": {
          "SkiaSharp.NativeAssets.Win32": "4.152.0",
          "SkiaSharp.NativeAssets.macOS": "4.152.0"
        }
      },
      "SkiaSharp.NativeAssets.macOS": {
        "type": "Transitive",
        "resolved": "4.152.0",
        "contentHash": "Vjx2sPleQDJXQjINxMzHaIU1KFyYAUerfBnwLAjMGSUCf0vCrSU2Y4LvCH0yAheeuu0YdlVfeSMiCKZYVJ12kA=="
      },
      "SkiaSharp.NativeAssets.Win32": {
        "type": "Transitive",
        "resolved": "4.152.0",
        "contentHash": "PfyLS6TRP/9YghtW97le8bkzootCietlt7QUqFKGjGcZ6eRjeWNNHCjvxO41O/LYpV4gCthp2xiiUiYTOqfVyA=="
      },
      "System.ComponentModel.Annotations": {
        "type": "Transitive",
        "resolved": "5.0.0",
        "contentHash": "dMkqfy2el8A8/I76n2Hi1oBFEbG1SfxD2l5nhwXV3XjlnOmwxJlQbYpJH4W51odnU9sARCSAgv7S3CyAFMkpYg=="
      },
      "player-assistant": {
        "type": "Project",
        "dependencies": {
          "Microsoft.Playwright": "[1.63.0, )",
          "Microsoft.Web.WebView2": "[1.0.4258.31, )",
          "SkiaSharp": "[4.152.0, )"
        }
      }
    }
  }
}