{
  "version": 1,
  "dependencies": {
    "net10.0-windows7.0": {
      "Microsoft.NET.ILLink.Tasks": {
        "type": "Direct",
        "requested": "[10.0.10, )",
        "resolved": "10.0.10",
        "contentHash": "gE8O7DrRAI3Qir3ySzvdRl7DzVf8XrFfI0vbUXl2GHim3dMPdVol9DxwNh/Tzq9ymok1KU+2wu2qrF5jWNv1pQ=="
      }
    },
    "net10.0-windows7.0/win-x64": {}
  }
}