{
  "version": 1,
  "dependencies": {
    "net10.0-windows7.0": {
      "Microsoft.NET.ILLink.Tasks": {
        "type": "Direct",
        "requested": "[10.0.11, )",
        "resolved": "10.0.11",
        "contentHash": "hMVB326ViZa64sqR9bxmf4oB41LMuaTrGRfihXZw3dylFRFfZPutLwJrKZmdisSvBcNM6kfuY7vtj9vdR9IbuA=="
      }
    },
    "net10.0-windows7.0/win-x64": {}
  }
}